{
  "version": 4,
  "terraform_version": "1.14.4",
  "serial": 49,
  "lineage": "e48f90b0-c3fe-ec6f-f221-a0f85353b6fc",
  "outputs": {
    "api_endpoint": {
      "value": "https://am5duiky47.execute-api.ap-southeast-1.amazonaws.com/",
      "type": "string"
    },
    "cloudfront_distribution_id": {
      "value": "E1PQSO97A3UMYV",
      "type": "string"
    },
    "ecr_repository_url": {
      "value": "165518479671.dkr.ecr.ap-southeast-1.amazonaws.com/iodp-agent",
      "type": "string"
    },
    "frontend_bucket": {
      "value": "iodp-agent-dev-frontend",
      "type": "string"
    },
    "frontend_url": {
      "value": "https://d2zmv4sysixgc9.cloudfront.net",
      "type": "string"
    },
    "lambda_function_name": {
      "value": "iodp-agent-dev",
      "type": "string"
    },
    "vector_bucket_arn": {
      "value": "arn:aws:s3vectors:ap-southeast-1:165518479671:bucket/iodp-rag-dev",
      "type": "string"
    },
    "vector_bucket_name": {
      "value": "iodp-rag-dev",
      "type": "string"
    },
    "vector_index_incident_solutions": {
      "value": "incident-solutions",
      "type": "string"
    },
    "vector_index_product_docs": {
      "value": "product-docs",
      "type": "string"
    }
  },
  "resources": [
    {
      "mode": "data",
      "type": "aws_caller_identity",
      "name": "current",
      "provider": "provider[\"registry.terraform.io/hashicorp/aws\"]",
      "instances": [
        {
          "schema_version": 0,
          "attributes": {
            "account_id": "165518479671",
            "arn": "arn:aws:iam::165518479671:user/fredricz",
            "id": "165518479671",
            "user_id": "AIDASNCNLSE3U3LX2FBUQ"
          },
          "sensitive_attributes": [],
          "identity_schema_version": 0
        }
      ]
    },
    {
      "mode": "managed",
      "type": "aws_apigatewayv2_api",
      "name": "agent",
      "provider": "provider[\"registry.terraform.io/hashicorp/aws\"]",
      "instances": [
        {
          "schema_version": 0,
          "attributes": {
            "api_endpoint": "https://am5duiky47.execute-api.ap-southeast-1.amazonaws.com",
            "api_key_selection_expression": "$request.header.x-api-key",
            "arn": "arn:aws:apigateway:ap-southeast-1::/apis/am5duiky47",
            "body": null,
            "cors_configuration": [
              {
                "allow_credentials": false,
                "allow_headers": [
                  "authorization",
                  "content-type"
                ],
                "allow_methods": [
                  "GET",
                  "OPTIONS",
                  "POST"
                ],
                "allow_origins": [
                  "*"
                ],
                "expose_headers": [],
                "max_age": 3600
              }
            ],
            "credentials_arn": null,
            "description": "",
            "disable_execute_api_endpoint": false,
            "execution_arn": "arn:aws:execute-api:ap-southeast-1:165518479671:am5duiky47",
            "fail_on_warnings": null,
            "id": "am5duiky47",
            "ip_address_type": "ipv4",
            "name": "iodp-agent-dev-api",
            "protocol_type": "HTTP",
            "region": "ap-southeast-1",
            "route_key": null,
            "route_selection_expression": "$request.method $request.path",
            "tags": {
              "Environment": "dev",
              "Project": "iodp-agent"
            },
            "tags_all": {
              "Environment": "dev",
              "ManagedBy": "terraform",
              "Project": "iodp-agent"
            },
            "target": null,
            "version": ""
          },
          "sensitive_attributes": [],
          "identity_schema_version": 0,
          "identity": {
            "account_id": "165518479671",
            "id": "am5duiky47",
            "region": "ap-southeast-1"
          },
          "private": "bnVsbA=="
        }
      ]
    },
    {
      "mode": "managed",
      "type": "aws_apigatewayv2_integration",
      "name": "lambda",
      "provider": "provider[\"registry.terraform.io/hashicorp/aws\"]",
      "instances": [
        {
          "schema_version": 0,
          "attributes": {
            "api_id": "am5duiky47",
            "connection_id": "",
            "connection_type": "INTERNET",
            "content_handling_strategy": "",
            "credentials_arn": "",
            "description": "",
            "id": "6fisjzm",
            "integration_method": "POST",
            "integration_response_selection_expression": "",
            "integration_subtype": "",
            "integration_type": "AWS_PROXY",
            "integration_uri": "arn:aws:apigateway:ap-southeast-1:lambda:path/2015-03-31/functions/arn:aws:lambda:ap-southeast-1:165518479671:function:iodp-agent-dev/invocations",
            "passthrough_behavior": "",
            "payload_format_version": "2.0",
            "region": "ap-southeast-1",
            "request_parameters": {},
            "request_templates": {},
            "response_parameters": [],
            "template_selection_expression": "",
            "timeout_milliseconds": 30000,
            "tls_config": []
          },
          "sensitive_attributes": [],
          "identity_schema_version": 0,
          "private": "bnVsbA==",
          "dependencies": [
            "aws_apigatewayv2_api.agent",
            "aws_iam_role.lambda",
            "aws_lambda_function.agent",
            "aws_s3_bucket.athena_results",
            "aws_s3vectors_vector_bucket.rag",
            "module.dynamodb.aws_dynamodb_table.agent_jobs",
            "module.dynamodb.aws_dynamodb_table.agent_state",
            "module.dynamodb.aws_dynamodb_table.tickets"
          ]
        }
      ]
    },
    {
      "mode": "managed",
      "type": "aws_apigatewayv2_route",
      "name": "get_diagnose",
      "provider": "provider[\"registry.terraform.io/hashicorp/aws\"]",
      "instances": [
        {
          "schema_version": 0,
          "attributes": {
            "api_id": "am5duiky47",
            "api_key_required": false,
            "authorization_scopes": [],
            "authorization_type": "NONE",
            "authorizer_id": "",
            "id": "lqc7jhu",
            "model_selection_expression": "",
            "operation_name": "",
            "region": "ap-southeast-1",
            "request_models": {},
            "request_parameter": [],
            "route_key": "GET /diagnose/{job_id}",
            "route_response_selection_expression": "",
            "target": "integrations/6fisjzm"
          },
          "sensitive_attributes": [],
          "identity_schema_version": 0,
          "identity": {
            "account_id": "165518479671",
            "api_id": "am5duiky47",
            "id": "lqc7jhu",
            "region": "ap-southeast-1"
          },
          "private": "bnVsbA==",
          "dependencies": [
            "aws_apigatewayv2_api.agent",
            "aws_apigatewayv2_authorizer.cognito",
            "aws_apigatewayv2_integration.lambda",
            "aws_iam_role.lambda",
            "aws_lambda_function.agent",
            "aws_s3_bucket.athena_results",
            "aws_s3vectors_vector_bucket.rag",
            "module.dynamodb.aws_dynamodb_table.agent_jobs",
            "module.dynamodb.aws_dynamodb_table.agent_state",
            "module.dynamodb.aws_dynamodb_table.tickets"
          ]
        }
      ]
    },
    {
      "mode": "managed",
      "type": "aws_apigatewayv2_route",
      "name": "health",
      "provider": "provider[\"registry.terraform.io/hashicorp/aws\"]",
      "instances": [
        {
          "schema_version": 0,
          "attributes": {
            "api_id": "am5duiky47",
            "api_key_required": false,
            "authorization_scopes": [],
            "authorization_type": "NONE",
            "authorizer_id": "",
            "id": "zrd2vqo",
            "model_selection_expression": "",
            "operation_name": "",
            "region": "ap-southeast-1",
            "request_models": {},
            "request_parameter": [],
            "route_key": "GET /health",
            "route_response_selection_expression": "",
            "target": "integrations/6fisjzm"
          },
          "sensitive_attributes": [],
          "identity_schema_version": 0,
          "identity": {
            "account_id": "165518479671",
            "api_id": "am5duiky47",
            "id": "zrd2vqo",
            "region": "ap-southeast-1"
          },
          "private": "bnVsbA==",
          "dependencies": [
            "aws_apigatewayv2_api.agent",
            "aws_apigatewayv2_integration.lambda",
            "aws_iam_role.lambda",
            "aws_lambda_function.agent",
            "aws_s3_bucket.athena_results",
            "aws_s3vectors_vector_bucket.rag",
            "module.dynamodb.aws_dynamodb_table.agent_jobs",
            "module.dynamodb.aws_dynamodb_table.agent_state",
            "module.dynamodb.aws_dynamodb_table.tickets"
          ]
        }
      ]
    },
    {
      "mode": "managed",
      "type": "aws_apigatewayv2_route",
      "name": "post_diagnose",
      "provider": "provider[\"registry.terraform.io/hashicorp/aws\"]",
      "instances": [
        {
          "schema_version": 0,
          "attributes": {
            "api_id": "am5duiky47",
            "api_key_required": false,
            "authorization_scopes": [],
            "authorization_type": "NONE",
            "authorizer_id": "",
            "id": "r9xbd5j",
            "model_selection_expression": "",
            "operation_name": "",
            "region": "ap-southeast-1",
            "request_models": {},
            "request_parameter": [],
            "route_key": "POST /diagnose",
            "route_response_selection_expression": "",
            "target": "integrations/6fisjzm"
          },
          "sensitive_attributes": [],
          "identity_schema_version": 0,
          "identity": {
            "account_id": "165518479671",
            "api_id": "am5duiky47",
            "id": "r9xbd5j",
            "region": "ap-southeast-1"
          },
          "private": "bnVsbA==",
          "dependencies": [
            "aws_apigatewayv2_api.agent",
            "aws_apigatewayv2_authorizer.cognito",
            "aws_apigatewayv2_integration.lambda",
            "aws_iam_role.lambda",
            "aws_lambda_function.agent",
            "aws_s3_bucket.athena_results",
            "aws_s3vectors_vector_bucket.rag",
            "module.dynamodb.aws_dynamodb_table.agent_jobs",
            "module.dynamodb.aws_dynamodb_table.agent_state",
            "module.dynamodb.aws_dynamodb_table.tickets"
          ]
        }
      ]
    },
    {
      "mode": "managed",
      "type": "aws_apigatewayv2_stage",
      "name": "default",
      "provider": "provider[\"registry.terraform.io/hashicorp/aws\"]",
      "instances": [
        {
          "schema_version": 0,
          "attributes": {
            "access_log_settings": [],
            "api_id": "am5duiky47",
            "arn": "arn:aws:apigateway:ap-southeast-1::/apis/am5duiky47/stages/$default",
            "auto_deploy": true,
            "client_certificate_id": "",
            "default_route_settings": [
              {
                "data_trace_enabled": false,
                "detailed_metrics_enabled": false,
                "logging_level": "",
                "throttling_burst_limit": 50,
                "throttling_rate_limit": 20
              }
            ],
            "deployment_id": "m07f9a",
            "description": "",
            "execution_arn": "arn:aws:execute-api:ap-southeast-1:165518479671:am5duiky47/$default",
            "id": "$default",
            "invoke_url": "https://am5duiky47.execute-api.ap-southeast-1.amazonaws.com/",
            "name": "$default",
            "region": "ap-southeast-1",
            "route_settings": [],
            "stage_variables": {},
            "tags": {
              "Environment": "dev",
              "Project": "iodp-agent"
            },
            "tags_all": {
              "Environment": "dev",
              "ManagedBy": "terraform",
              "Project": "iodp-agent"
            }
          },
          "sensitive_attributes": [],
          "identity_schema_version": 0,
          "private": "bnVsbA==",
          "dependencies": [
            "aws_apigatewayv2_api.agent"
          ]
        }
      ]
    },
    {
      "mode": "managed",
      "type": "aws_cloudfront_distribution",
      "name": "frontend",
      "provider": "provider[\"registry.terraform.io/hashicorp/aws\"]",
      "instances": [
        {
          "schema_version": 1,
          "attributes": {
            "aliases": [],
            "anycast_ip_list_id": "",
            "arn": "arn:aws:cloudfront::165518479671:distribution/E1PQSO97A3UMYV",
            "caller_reference": "terraform-20260517042833901200000002",
            "comment": null,
            "connection_function_association": [],
            "continuous_deployment_policy_id": "",
            "custom_error_response": [
              {
                "error_caching_min_ttl": 0,
                "error_code": 403,
                "response_code": 200,
                "response_page_path": "/index.html"
              },
              {
                "error_caching_min_ttl": 0,
                "error_code": 404,
                "response_code": 200,
                "response_page_path": "/index.html"
              }
            ],
            "default_cache_behavior": [
              {
                "allowed_methods": [
                  "GET",
                  "HEAD"
                ],
                "cache_policy_id": "",
                "cached_methods": [
                  "GET",
                  "HEAD"
                ],
                "compress": true,
                "default_ttl": 86400,
                "field_level_encryption_id": "",
                "forwarded_values": [
                  {
                    "cookies": [
                      {
                        "forward": "none",
                        "whitelisted_names": []
                      }
                    ],
                    "headers": [],
                    "query_string": false,
                    "query_string_cache_keys": []
                  }
                ],
                "function_association": [],
                "grpc_config": [
                  {
                    "enabled": false
                  }
                ],
                "lambda_function_association": [],
                "max_ttl": 31536000,
                "min_ttl": 0,
                "origin_request_policy_id": "",
                "realtime_log_config_arn": "",
                "response_headers_policy_id": "",
                "smooth_streaming": false,
                "target_origin_id": "S3Frontend",
                "trusted_key_groups": [],
                "trusted_signers": [],
                "viewer_protocol_policy": "redirect-to-https"
              }
            ],
            "default_root_object": "index.html",
            "domain_name": "d2zmv4sysixgc9.cloudfront.net",
            "enabled": true,
            "etag": "E23ZP02F085DFQ",
            "hosted_zone_id": "Z2FDTNDATAQYW2",
            "http_version": "http2",
            "id": "E1PQSO97A3UMYV",
            "in_progress_validation_batches": 0,
            "is_ipv6_enabled": false,
            "last_modified_time": "2026-05-17 04:28:33.694 +0000 UTC",
            "logging_config": [],
            "logging_v1_enabled": false,
            "ordered_cache_behavior": [],
            "origin": [
              {
                "connection_attempts": 3,
                "connection_timeout": 10,
                "custom_header": [],
                "custom_origin_config": [],
                "domain_name": "iodp-agent-dev-frontend.s3.ap-southeast-1.amazonaws.com",
                "origin_access_control_id": "",
                "origin_id": "S3Frontend",
                "origin_path": "",
                "origin_shield": [],
                "response_completion_timeout": 0,
                "s3_origin_config": [
                  {
                    "origin_access_identity": "origin-access-identity/cloudfront/E244OBEJ734OM9"
                  }
                ],
                "vpc_origin_config": []
              }
            ],
            "origin_group": [],
            "price_class": "PriceClass_100",
            "restrictions": [
              {
                "geo_restriction": [
                  {
                    "locations": [],
                    "restriction_type": "none"
                  }
                ]
              }
            ],
            "retain_on_delete": false,
            "staging": false,
            "status": "Deployed",
            "tags": {
              "Environment": "dev",
              "Project": "iodp-agent"
            },
            "tags_all": {
              "Environment": "dev",
              "ManagedBy": "terraform",
              "Project": "iodp-agent"
            },
            "trusted_key_groups": [
              {
                "enabled": false,
                "items": []
              }
            ],
            "trusted_signers": [
              {
                "enabled": false,
                "items": []
              }
            ],
            "viewer_certificate": [
              {
                "acm_certificate_arn": "",
                "cloudfront_default_certificate": true,
                "iam_certificate_id": "",
                "minimum_protocol_version": "TLSv1",
                "ssl_support_method": ""
              }
            ],
            "viewer_mtls_config": [],
            "wait_for_deployment": true,
            "web_acl_id": ""
          },
          "sensitive_attributes": [],
          "identity_schema_version": 0,
          "identity": {
            "account_id": "165518479671",
            "id": "E1PQSO97A3UMYV"
          },
          "private": "eyJzY2hlbWFfdmVyc2lvbiI6IjEifQ==",
          "dependencies": [
            "aws_cloudfront_origin_access_identity.frontend",
            "aws_s3_bucket.frontend"
          ]
        }
      ]
    },
    {
      "mode": "managed",
      "type": "aws_cloudfront_origin_access_identity",
      "name": "frontend",
      "provider": "provider[\"registry.terraform.io/hashicorp/aws\"]",
      "instances": [
        {
          "schema_version": 0,
          "attributes": {
            "arn": "arn:aws:cloudfront::165518479671:origin-access-identity/E244OBEJ734OM9",
            "caller_reference": "terraform-20260517042830834000000001",
            "cloudfront_access_identity_path": "origin-access-identity/cloudfront/E244OBEJ734OM9",
            "comment": "OAI for iodp-agent-dev frontend",
            "etag": "ETVPDKIKX0DER",
            "iam_arn": "arn:aws:iam::cloudfront:user/CloudFront Origin Access Identity E244OBEJ734OM9",
            "id": "E244OBEJ734OM9",
            "s3_canonical_user_id": "2614b1b6f8b43ab55446f83bc0b9b030b33eac765ad2a65bd6f2df4c9e97642f0465e19f27c063c70b62024e818d4c7a"
          },
          "sensitive_attributes": [],
          "identity_schema_version": 0,
          "private": "bnVsbA=="
        }
      ]
    },
    {
      "mode": "managed",
      "type": "aws_ecr_repository",
      "name": "agent",
      "provider": "provider[\"registry.terraform.io/hashicorp/aws\"]",
      "instances": [
        {
          "schema_version": 0,
          "attributes": {
            "arn": "arn:aws:ecr:ap-southeast-1:165518479671:repository/iodp-agent",
            "encryption_configuration": [
              {
                "encryption_type": "AES256",
                "kms_key": ""
              }
            ],
            "force_delete": true,
            "id": "iodp-agent",
            "image_scanning_configuration": [
              {
                "scan_on_push": true
              }
            ],
            "image_tag_mutability": "MUTABLE",
            "image_tag_mutability_exclusion_filter": [],
            "name": "iodp-agent",
            "region": "ap-southeast-1",
            "registry_id": "165518479671",
            "repository_url": "165518479671.dkr.ecr.ap-southeast-1.amazonaws.com/iodp-agent",
            "tags": {
              "Environment": "dev",
              "Project": "iodp-agent"
            },
            "tags_all": {
              "Environment": "dev",
              "ManagedBy": "terraform",
              "Project": "iodp-agent"
            },
            "timeouts": null
          },
          "sensitive_attributes": [],
          "identity_schema_version": 0,
          "identity": {
            "account_id": "165518479671",
            "name": "iodp-agent",
            "region": "ap-southeast-1"
          },
          "private": "eyJlMmJmYjczMC1lY2FhLTExZTYtOGY4OC0zNDM2M2JjN2M0YzAiOnsiZGVsZXRlIjoxMjAwMDAwMDAwMDAwfX0="
        }
      ]
    },
    {
      "mode": "managed",
      "type": "aws_iam_role",
      "name": "lambda",
      "provider": "provider[\"registry.terraform.io/hashicorp/aws\"]",
      "instances": [
        {
          "schema_version": 0,
          "attributes": {
            "arn": "arn:aws:iam::165518479671:role/iodp-agent-dev-lambda-role",
            "assume_role_policy": "{\"Statement\":[{\"Action\":\"sts:AssumeRole\",\"Effect\":\"Allow\",\"Principal\":{\"Service\":\"lambda.amazonaws.com\"}}],\"Version\":\"2012-10-17\"}",
            "create_date": "2026-05-17T04:28:31Z",
            "description": "",
            "force_detach_policies": false,
            "id": "iodp-agent-dev-lambda-role",
            "inline_policy": [
              {
                "name": "iodp-agent-dev-lambda-policy",
                "policy": "{\"Version\":\"2012-10-17\",\"Statement\":[{\"Action\":[\"dynamodb:GetItem\",\"dynamodb:PutItem\",\"dynamodb:UpdateItem\",\"dynamodb:Query\",\"dynamodb:Scan\",\"dynamodb:DeleteItem\"],\"Effect\":\"Allow\",\"Resource\":[\"arn:aws:dynamodb:ap-southeast-1:165518479671:table/iodp-agent-state-dev\",\"arn:aws:dynamodb:ap-southeast-1:165518479671:table/iodp-bug-tickets-dev\",\"arn:aws:dynamodb:ap-southeast-1:165518479671:table/iodp-agent-jobs-dev\",\"arn:aws:dynamodb:ap-southeast-1:165518479671:table/iodp-agent-jobs-dev/index/*\",\"arn:aws:dynamodb:ap-southeast-1:165518479671:table/iodp-bug-tickets-dev/index/*\"],\"Sid\":\"DynamoDBAgentTables\"},{\"Action\":[\"dynamodb:GetItem\",\"dynamodb:Query\",\"dynamodb:Scan\"],\"Effect\":\"Allow\",\"Resource\":[\"arn:aws:dynamodb:ap-southeast-1:165518479671:table/iodp-dq-reports-dev\",\"arn:aws:dynamodb:ap-southeast-1:165518479671:table/iodp-dq-reports-dev/index/*\",\"arn:aws:dynamodb:ap-southeast-1:165518479671:table/iodp_dq_reports_dev\",\"arn:aws:dynamodb:ap-southeast-1:165518479671:table/iodp_dq_reports_dev/index/*\"],\"Sid\":\"DynamoDBBigDataRead\"},{\"Action\":[\"athena:StartQueryExecution\",\"athena:GetQueryExecution\",\"athena:GetQueryResults\",\"athena:StopQueryExecution\"],\"Effect\":\"Allow\",\"Resource\":[\"arn:aws:athena:ap-southeast-1:*:workgroup/primary\"],\"Sid\":\"AthenaQuery\"},{\"Action\":[\"s3:GetObject\",\"s3:PutObject\",\"s3:GetBucketLocation\",\"s3:ListBucket\"],\"Effect\":\"Allow\",\"Resource\":[\"arn:aws:s3:::iodp-agent-dev-athena-results\",\"arn:aws:s3:::iodp-agent-dev-athena-results/*\"],\"Sid\":\"AthenaResultBucket\"},{\"Action\":[\"glue:GetDatabase\",\"glue:GetDatabases\",\"glue:GetTable\",\"glue:GetTables\",\"glue:GetPartition\",\"glue:GetPartitions\"],\"Effect\":\"Allow\",\"Resource\":[\"arn:aws:glue:ap-southeast-1:*:catalog\",\"arn:aws:glue:ap-southeast-1:*:database/*\",\"arn:aws:glue:ap-southeast-1:*:table/*/*\"],\"Sid\":\"GlueCatalogRead\"},{\"Action\":[\"s3:GetObject\",\"s3:ListBucket\"],\"Effect\":\"Allow\",\"Resource\":[\"arn:aws:s3:::iodp-gold-dev\",\"arn:aws:s3:::iodp-gold-dev/*\",\"arn:aws:s3:::iodp-gold-dev-*\",\"arn:aws:s3:::iodp-gold-dev-*/*\",\"arn:aws:s3:::iodp-silver-dev-*\",\"arn:aws:s3:::iodp-silver-dev-*/*\"],\"Sid\":\"S3GoldSilverBucketRead\"},{\"Action\":[\"bedrock:InvokeModel\",\"bedrock:InvokeModelWithResponseStream\"],\"Effect\":\"Allow\",\"Resource\":[\"arn:aws:bedrock:*::foundation-model/*\",\"arn:aws:bedrock:ap-southeast-1:165518479671:inference-profile/*\"],\"Sid\":\"BedrockInvoke\"},{\"Action\":[\"s3vectors:QueryVectors\",\"s3vectors:GetVectors\",\"s3vectors:PutVectors\",\"s3vectors:DeleteVectors\",\"s3vectors:ListVectors\"],\"Effect\":\"Allow\",\"Resource\":[\"arn:aws:s3vectors:ap-southeast-1:165518479671:bucket/iodp-rag-dev\",\"arn:aws:s3vectors:ap-southeast-1:165518479671:bucket/iodp-rag-dev/index/*\"],\"Sid\":\"S3VectorsAccess\"}]}"
              }
            ],
            "managed_policy_arns": [
              "arn:aws:iam::aws:policy/service-role/AWSLambdaBasicExecutionRole"
            ],
            "max_session_duration": 3600,
            "name": "iodp-agent-dev-lambda-role",
            "name_prefix": "",
            "path": "/",
            "permissions_boundary": "",
            "tags": {
              "Environment": "dev",
              "Project": "iodp-agent"
            },
            "tags_all": {
              "Environment": "dev",
              "ManagedBy": "terraform",
              "Project": "iodp-agent"
            },
            "unique_id": "AROASNCNLSE3R4ROFAT6V"
          },
          "sensitive_attributes": [],
          "identity_schema_version": 0,
          "identity": {
            "account_id": "165518479671",
            "name": "iodp-agent-dev-lambda-role"
          },
          "private": "bnVsbA=="
        }
      ]
    },
    {
      "mode": "managed",
      "type": "aws_iam_role_policy",
      "name": "lambda_app",
      "provider": "provider[\"registry.terraform.io/hashicorp/aws\"]",
      "instances": [
        {
          "schema_version": 0,
          "attributes": {
            "id": "iodp-agent-dev-lambda-role:iodp-agent-dev-lambda-policy",
            "name": "iodp-agent-dev-lambda-policy",
            "name_prefix": "",
            "policy": "{\"Version\":\"2012-10-17\",\"Statement\":[{\"Action\":[\"dynamodb:GetItem\",\"dynamodb:PutItem\",\"dynamodb:UpdateItem\",\"dynamodb:Query\",\"dynamodb:Scan\",\"dynamodb:DeleteItem\"],\"Effect\":\"Allow\",\"Resource\":[\"arn:aws:dynamodb:ap-southeast-1:165518479671:table/iodp-agent-state-dev\",\"arn:aws:dynamodb:ap-southeast-1:165518479671:table/iodp-bug-tickets-dev\",\"arn:aws:dynamodb:ap-southeast-1:165518479671:table/iodp-agent-jobs-dev\",\"arn:aws:dynamodb:ap-southeast-1:165518479671:table/iodp-agent-jobs-dev/index/*\",\"arn:aws:dynamodb:ap-southeast-1:165518479671:table/iodp-bug-tickets-dev/index/*\"],\"Sid\":\"DynamoDBAgentTables\"},{\"Action\":[\"dynamodb:GetItem\",\"dynamodb:Query\",\"dynamodb:Scan\"],\"Effect\":\"Allow\",\"Resource\":[\"arn:aws:dynamodb:ap-southeast-1:165518479671:table/iodp-dq-reports-dev\",\"arn:aws:dynamodb:ap-southeast-1:165518479671:table/iodp-dq-reports-dev/index/*\",\"arn:aws:dynamodb:ap-southeast-1:165518479671:table/iodp_dq_reports_dev\",\"arn:aws:dynamodb:ap-southeast-1:165518479671:table/iodp_dq_reports_dev/index/*\"],\"Sid\":\"DynamoDBBigDataRead\"},{\"Action\":[\"athena:StartQueryExecution\",\"athena:GetQueryExecution\",\"athena:GetQueryResults\",\"athena:StopQueryExecution\"],\"Effect\":\"Allow\",\"Resource\":[\"arn:aws:athena:ap-southeast-1:*:workgroup/primary\"],\"Sid\":\"AthenaQuery\"},{\"Action\":[\"s3:GetObject\",\"s3:PutObject\",\"s3:GetBucketLocation\",\"s3:ListBucket\"],\"Effect\":\"Allow\",\"Resource\":[\"arn:aws:s3:::iodp-agent-dev-athena-results\",\"arn:aws:s3:::iodp-agent-dev-athena-results/*\"],\"Sid\":\"AthenaResultBucket\"},{\"Action\":[\"glue:GetDatabase\",\"glue:GetDatabases\",\"glue:GetTable\",\"glue:GetTables\",\"glue:GetPartition\",\"glue:GetPartitions\"],\"Effect\":\"Allow\",\"Resource\":[\"arn:aws:glue:ap-southeast-1:*:catalog\",\"arn:aws:glue:ap-southeast-1:*:database/*\",\"arn:aws:glue:ap-southeast-1:*:table/*/*\"],\"Sid\":\"GlueCatalogRead\"},{\"Action\":[\"s3:GetObject\",\"s3:ListBucket\"],\"Effect\":\"Allow\",\"Resource\":[\"arn:aws:s3:::iodp-gold-dev\",\"arn:aws:s3:::iodp-gold-dev/*\",\"arn:aws:s3:::iodp-gold-dev-*\",\"arn:aws:s3:::iodp-gold-dev-*/*\",\"arn:aws:s3:::iodp-silver-dev-*\",\"arn:aws:s3:::iodp-silver-dev-*/*\"],\"Sid\":\"S3GoldSilverBucketRead\"},{\"Action\":[\"bedrock:InvokeModel\",\"bedrock:InvokeModelWithResponseStream\"],\"Effect\":\"Allow\",\"Resource\":[\"arn:aws:bedrock:*::foundation-model/*\",\"arn:aws:bedrock:ap-southeast-1:165518479671:inference-profile/*\"],\"Sid\":\"BedrockInvoke\"},{\"Action\":[\"s3vectors:QueryVectors\",\"s3vectors:GetVectors\",\"s3vectors:PutVectors\",\"s3vectors:DeleteVectors\",\"s3vectors:ListVectors\"],\"Effect\":\"Allow\",\"Resource\":[\"arn:aws:s3vectors:ap-southeast-1:165518479671:bucket/iodp-rag-dev\",\"arn:aws:s3vectors:ap-southeast-1:165518479671:bucket/iodp-rag-dev/index/*\"],\"Sid\":\"S3VectorsAccess\"}]}",
            "role": "iodp-agent-dev-lambda-role"
          },
          "sensitive_attributes": [],
          "identity_schema_version": 0,
          "identity": {
            "account_id": "165518479671",
            "name": "iodp-agent-dev-lambda-policy",
            "role": "iodp-agent-dev-lambda-role"
          },
          "private": "bnVsbA==",
          "dependencies": [
            "aws_iam_role.lambda",
            "aws_s3_bucket.athena_results",
            "aws_s3vectors_vector_bucket.rag",
            "data.aws_caller_identity.current",
            "module.dynamodb.aws_dynamodb_table.agent_jobs",
            "module.dynamodb.aws_dynamodb_table.agent_state",
            "module.dynamodb.aws_dynamodb_table.tickets"
          ]
        }
      ]
    },
    {
      "mode": "managed",
      "type": "aws_iam_role_policy_attachment",
      "name": "lambda_basic",
      "provider": "provider[\"registry.terraform.io/hashicorp/aws\"]",
      "instances": [
        {
          "schema_version": 0,
          "attributes": {
            "id": "iodp-agent-dev-lambda-role/arn:aws:iam::aws:policy/service-role/AWSLambdaBasicExecutionRole",
            "policy_arn": "arn:aws:iam::aws:policy/service-role/AWSLambdaBasicExecutionRole",
            "role": "iodp-agent-dev-lambda-role"
          },
          "sensitive_attributes": [],
          "identity_schema_version": 0,
          "identity": {
            "account_id": "165518479671",
            "policy_arn": "arn:aws:iam::aws:policy/service-role/AWSLambdaBasicExecutionRole",
            "role": "iodp-agent-dev-lambda-role"
          },
          "private": "bnVsbA==",
          "dependencies": [
            "aws_iam_role.lambda"
          ]
        }
      ]
    },
    {
      "mode": "managed",
      "type": "aws_lambda_function",
      "name": "agent",
      "provider": "provider[\"registry.terraform.io/hashicorp/aws\"]",
      "instances": [
        {
          "schema_version": 0,
          "attributes": {
            "architectures": [
              "x86_64"
            ],
            "arn": "arn:aws:lambda:ap-southeast-1:165518479671:function:iodp-agent-dev",
            "capacity_provider_config": [],
            "code_sha256": "af7b7c3b40bc85beeaf1493aaa4ac4db6d00c6b75d1292ffb9f4a9eec520deff",
            "code_signing_config_arn": "",
            "dead_letter_config": [],
            "description": "",
            "durable_config": [],
            "environment": [
              {
                "variables": {
                  "IODP_AGENT_JOBS_TABLE": "iodp-agent-jobs-dev",
                  "IODP_AGENT_STATE_TABLE": "iodp-agent-state-dev",
                  "IODP_ATHENA_RESULT_BUCKET": "s3://iodp-agent-dev-athena-results/",
                  "IODP_ATHENA_WORKGROUP": "primary",
                  "IODP_AWS_REGION": "ap-southeast-1",
                  "IODP_BUG_TICKETS_TABLE": "iodp-bug-tickets-dev",
                  "IODP_DQ_REPORTS_TABLE": "iodp-dq-reports-dev",
                  "IODP_ENVIRONMENT": "dev",
                  "IODP_LLM_API_KEY": "sk-894b12be3633482b9b79127c778fa57a",
                  "IODP_VECTOR_BUCKET_NAME": "iodp-rag-dev"
                }
              }
            ],
            "ephemeral_storage": [
              {
                "size": 512
              }
            ],
            "file_system_config": [],
            "filename": null,
            "function_name": "iodp-agent-dev",
            "handler": "",
            "id": "iodp-agent-dev",
            "image_config": [],
            "image_uri": "165518479671.dkr.ecr.ap-southeast-1.amazonaws.com/iodp-agent:latest",
            "invoke_arn": "arn:aws:apigateway:ap-southeast-1:lambda:path/2015-03-31/functions/arn:aws:lambda:ap-southeast-1:165518479671:function:iodp-agent-dev/invocations",
            "kms_key_arn": "",
            "last_modified": "2026-05-17T12:51:28.000+0000",
            "layers": [],
            "logging_config": [
              {
                "application_log_level": "",
                "log_format": "Text",
                "log_group": "/aws/lambda/iodp-agent-dev",
                "system_log_level": ""
              }
            ],
            "memory_size": 1024,
            "package_type": "Image",
            "publish": false,
            "publish_to": null,
            "qualified_arn": "arn:aws:lambda:ap-southeast-1:165518479671:function:iodp-agent-dev:$LATEST",
            "qualified_invoke_arn": "arn:aws:apigateway:ap-southeast-1:lambda:path/2015-03-31/functions/arn:aws:lambda:ap-southeast-1:165518479671:function:iodp-agent-dev:$LATEST/invocations",
            "region": "ap-southeast-1",
            "replace_security_groups_on_destroy": null,
            "replacement_security_group_ids": null,
            "reserved_concurrent_executions": -1,
            "response_streaming_invoke_arn": "arn:aws:apigateway:ap-southeast-1:lambda:path/2021-11-15/functions/arn:aws:lambda:ap-southeast-1:165518479671:function:iodp-agent-dev/response-streaming-invocations",
            "role": "arn:aws:iam::165518479671:role/iodp-agent-dev-lambda-role",
            "runtime": "",
            "s3_bucket": null,
            "s3_key": null,
            "s3_object_version": null,
            "signing_job_arn": "",
            "signing_profile_version_arn": "",
            "skip_destroy": false,
            "snap_start": [],
            "source_code_hash": "",
            "source_code_size": 0,
            "source_kms_key_arn": "",
            "tags": {
              "Environment": "dev",
              "Project": "iodp-agent"
            },
            "tags_all": {
              "Environment": "dev",
              "ManagedBy": "terraform",
              "Project": "iodp-agent"
            },
            "tenancy_config": [],
            "timeout": 900,
            "timeouts": null,
            "tracing_config": [
              {
                "mode": "PassThrough"
              }
            ],
            "version": "$LATEST",
            "vpc_config": []
          },
          "sensitive_attributes": [
            [
              {
                "type": "get_attr",
                "value": "environment"
              },
              {
                "type": "index",
                "value": {
                  "value": 0,
                  "type": "number"
                }
              },
              {
                "type": "get_attr",
                "value": "variables"
              },
              {
                "type": "index",
                "value": {
                  "value": "IODP_LLM_API_KEY",
                  "type": "string"
                }
              }
            ]
          ],
          "identity_schema_version": 0,
          "identity": {
            "account_id": "165518479671",
            "function_name": "iodp-agent-dev",
            "region": "ap-southeast-1"
          },
          "private": "eyJlMmJmYjczMC1lY2FhLTExZTYtOGY4OC0zNDM2M2JjN2M0YzAiOnsiY3JlYXRlIjo2MDAwMDAwMDAwMDAsImRlbGV0ZSI6NjAwMDAwMDAwMDAwLCJ1cGRhdGUiOjYwMDAwMDAwMDAwMH19",
          "dependencies": [
            "aws_iam_role.lambda",
            "aws_s3_bucket.athena_results",
            "aws_s3vectors_vector_bucket.rag",
            "module.dynamodb.aws_dynamodb_table.agent_jobs",
            "module.dynamodb.aws_dynamodb_table.agent_state",
            "module.dynamodb.aws_dynamodb_table.tickets"
          ]
        }
      ]
    },
    {
      "mode": "managed",
      "type": "aws_lambda_permission",
      "name": "apigw",
      "provider": "provider[\"registry.terraform.io/hashicorp/aws\"]",
      "instances": [
        {
          "schema_version": 0,
          "attributes": {
            "action": "lambda:InvokeFunction",
            "event_source_token": null,
            "function_name": "iodp-agent-dev",
            "function_url_auth_type": null,
            "id": "AllowAPIGatewayInvoke",
            "invoked_via_function_url": null,
            "principal": "apigateway.amazonaws.com",
            "principal_org_id": null,
            "qualifier": "",
            "region": "ap-southeast-1",
            "source_account": null,
            "source_arn": "arn:aws:execute-api:ap-southeast-1:165518479671:am5duiky47/*/*",
            "statement_id": "AllowAPIGatewayInvoke",
            "statement_id_prefix": ""
          },
          "sensitive_attributes": [],
          "identity_schema_version": 0,
          "identity": {
            "account_id": "165518479671",
            "function_name": "iodp-agent-dev",
            "qualifier": null,
            "region": "ap-southeast-1",
            "statement_id": "AllowAPIGatewayInvoke"
          },
          "private": "bnVsbA==",
          "dependencies": [
            "aws_apigatewayv2_api.agent",
            "aws_iam_role.lambda",
            "aws_lambda_function.agent",
            "aws_s3_bucket.athena_results",
            "aws_s3vectors_vector_bucket.rag",
            "module.dynamodb.aws_dynamodb_table.agent_jobs",
            "module.dynamodb.aws_dynamodb_table.agent_state",
            "module.dynamodb.aws_dynamodb_table.tickets"
          ]
        }
      ]
    },
    {
      "mode": "managed",
      "type": "aws_s3_bucket",
      "name": "athena_results",
      "provider": "provider[\"registry.terraform.io/hashicorp/aws\"]",
      "instances": [
        {
          "schema_version": 0,
          "attributes": {
            "acceleration_status": "",
            "acl": null,
            "arn": "arn:aws:s3:::iodp-agent-dev-athena-results",
            "bucket": "iodp-agent-dev-athena-results",
            "bucket_domain_name": "iodp-agent-dev-athena-results.s3.amazonaws.com",
            "bucket_namespace": "global",
            "bucket_prefix": "",
            "bucket_region": "ap-southeast-1",
            "bucket_regional_domain_name": "iodp-agent-dev-athena-results.s3.ap-southeast-1.amazonaws.com",
            "cors_rule": [],
            "force_destroy": true,
            "grant": [
              {
                "id": "c2b7f3d68cb0471033abb130f6567c53c00fed2bb7ba55fa5c1f7d48b288c1e7",
                "permissions": [
                  "FULL_CONTROL"
                ],
                "type": "CanonicalUser",
                "uri": ""
              }
            ],
            "hosted_zone_id": "Z3O0J2DXBE1FTB",
            "id": "iodp-agent-dev-athena-results",
            "lifecycle_rule": [
              {
                "abort_incomplete_multipart_upload_days": 0,
                "enabled": true,
                "expiration": [
                  {
                    "date": "",
                    "days": 7,
                    "expired_object_delete_marker": false
                  }
                ],
                "id": "expire-old-queries",
                "noncurrent_version_expiration": [],
                "noncurrent_version_transition": [],
                "prefix": "",
                "tags": {},
                "transition": []
              }
            ],
            "logging": [],
            "object_lock_configuration": [],
            "object_lock_enabled": false,
            "policy": "",
            "region": "ap-southeast-1",
            "replication_configuration": [],
            "request_payer": "BucketOwner",
            "server_side_encryption_configuration": [
              {
                "rule": [
                  {
                    "apply_server_side_encryption_by_default": [
                      {
                        "kms_master_key_id": "",
                        "sse_algorithm": "AES256"
                      }
                    ],
                    "bucket_key_enabled": false
                  }
                ]
              }
            ],
            "tags": {
              "Environment": "dev",
              "Project": "iodp-agent"
            },
            "tags_all": {
              "Environment": "dev",
              "ManagedBy": "terraform",
              "Project": "iodp-agent"
            },
            "timeouts": null,
            "versioning": [
              {
                "enabled": false,
                "mfa_delete": false
              }
            ],
            "website": [],
            "website_domain": null,
            "website_endpoint": null
          },
          "sensitive_attributes": [],
          "identity_schema_version": 0,
          "identity": {
            "account_id": "165518479671",
            "bucket": "iodp-agent-dev-athena-results",
            "region": "ap-southeast-1"
          },
          "private": "eyJlMmJmYjczMC1lY2FhLTExZTYtOGY4OC0zNDM2M2JjN2M0YzAiOnsiY3JlYXRlIjoxMjAwMDAwMDAwMDAwLCJkZWxldGUiOjM2MDAwMDAwMDAwMDAsInJlYWQiOjEyMDAwMDAwMDAwMDAsInVwZGF0ZSI6MTIwMDAwMDAwMDAwMH19"
        }
      ]
    },
    {
      "mode": "managed",
      "type": "aws_s3_bucket",
      "name": "frontend",
      "provider": "provider[\"registry.terraform.io/hashicorp/aws\"]",
      "instances": [
        {
          "schema_version": 0,
          "attributes": {
            "acceleration_status": "",
            "acl": null,
            "arn": "arn:aws:s3:::iodp-agent-dev-frontend",
            "bucket": "iodp-agent-dev-frontend",
            "bucket_domain_name": "iodp-agent-dev-frontend.s3.amazonaws.com",
            "bucket_namespace": "global",
            "bucket_prefix": "",
            "bucket_region": "ap-southeast-1",
            "bucket_regional_domain_name": "iodp-agent-dev-frontend.s3.ap-southeast-1.amazonaws.com",
            "cors_rule": [],
            "force_destroy": true,
            "grant": [
              {
                "id": "c2b7f3d68cb0471033abb130f6567c53c00fed2bb7ba55fa5c1f7d48b288c1e7",
                "permissions": [
                  "FULL_CONTROL"
                ],
                "type": "CanonicalUser",
                "uri": ""
              }
            ],
            "hosted_zone_id": "Z3O0J2DXBE1FTB",
            "id": "iodp-agent-dev-frontend",
            "lifecycle_rule": [],
            "logging": [],
            "object_lock_configuration": [],
            "object_lock_enabled": false,
            "policy": "{\"Statement\":[{\"Action\":\"s3:GetObject\",\"Effect\":\"Allow\",\"Principal\":{\"AWS\":\"arn:aws:iam::cloudfront:user/CloudFront Origin Access Identity E244OBEJ734OM9\"},\"Resource\":\"arn:aws:s3:::iodp-agent-dev-frontend/*\"}],\"Version\":\"2012-10-17\"}",
            "region": "ap-southeast-1",
            "replication_configuration": [],
            "request_payer": "BucketOwner",
            "server_side_encryption_configuration": [
              {
                "rule": [
                  {
                    "apply_server_side_encryption_by_default": [
                      {
                        "kms_master_key_id": "",
                        "sse_algorithm": "AES256"
                      }
                    ],
                    "bucket_key_enabled": false
                  }
                ]
              }
            ],
            "tags": {
              "Environment": "dev",
              "Project": "iodp-agent"
            },
            "tags_all": {
              "Environment": "dev",
              "ManagedBy": "terraform",
              "Project": "iodp-agent"
            },
            "timeouts": null,
            "versioning": [
              {
                "enabled": false,
                "mfa_delete": false
              }
            ],
            "website": [],
            "website_domain": null,
            "website_endpoint": null
          },
          "sensitive_attributes": [],
          "identity_schema_version": 0,
          "identity": {
            "account_id": "165518479671",
            "bucket": "iodp-agent-dev-frontend",
            "region": "ap-southeast-1"
          },
          "private": "eyJlMmJmYjczMC1lY2FhLTExZTYtOGY4OC0zNDM2M2JjN2M0YzAiOnsiY3JlYXRlIjoxMjAwMDAwMDAwMDAwLCJkZWxldGUiOjM2MDAwMDAwMDAwMDAsInJlYWQiOjEyMDAwMDAwMDAwMDAsInVwZGF0ZSI6MTIwMDAwMDAwMDAwMH19"
        }
      ]
    },
    {
      "mode": "managed",
      "type": "aws_s3_bucket_lifecycle_configuration",
      "name": "athena_results",
      "provider": "provider[\"registry.terraform.io/hashicorp/aws\"]",
      "instances": [
        {
          "schema_version": 1,
          "attributes": {
            "bucket": "iodp-agent-dev-athena-results",
            "expected_bucket_owner": "",
            "id": "iodp-agent-dev-athena-results",
            "region": "ap-southeast-1",
            "rule": [
              {
                "abort_incomplete_multipart_upload": [],
                "expiration": [
                  {
                    "date": null,
                    "days": 7,
                    "expired_object_delete_marker": false
                  }
                ],
                "filter": [
                  {
                    "and": [],
                    "object_size_greater_than": null,
                    "object_size_less_than": null,
                    "prefix": "",
                    "tag": []
                  }
                ],
                "id": "expire-old-queries",
                "noncurrent_version_expiration": [],
                "noncurrent_version_transition": [],
                "prefix": "",
                "status": "Enabled",
                "transition": []
              }
            ],
            "timeouts": null,
            "transition_default_minimum_object_size": "all_storage_classes_128K"
          },
          "sensitive_attributes": [],
          "identity_schema_version": 0,
          "identity": {
            "account_id": "165518479671",
            "bucket": "iodp-agent-dev-athena-results",
            "region": "ap-southeast-1"
          },
          "dependencies": [
            "aws_s3_bucket.athena_results"
          ]
        }
      ]
    },
    {
      "mode": "managed",
      "type": "aws_s3_bucket_policy",
      "name": "frontend",
      "provider": "provider[\"registry.terraform.io/hashicorp/aws\"]",
      "instances": [
        {
          "schema_version": 0,
          "attributes": {
            "bucket": "iodp-agent-dev-frontend",
            "id": "iodp-agent-dev-frontend",
            "policy": "{\"Statement\":[{\"Action\":\"s3:GetObject\",\"Effect\":\"Allow\",\"Principal\":{\"AWS\":\"arn:aws:iam::cloudfront:user/CloudFront Origin Access Identity E244OBEJ734OM9\"},\"Resource\":\"arn:aws:s3:::iodp-agent-dev-frontend/*\"}],\"Version\":\"2012-10-17\"}",
            "region": "ap-southeast-1"
          },
          "sensitive_attributes": [],
          "identity_schema_version": 0,
          "identity": {
            "account_id": "165518479671",
            "bucket": "iodp-agent-dev-frontend",
            "region": "ap-southeast-1"
          },
          "private": "bnVsbA==",
          "dependencies": [
            "aws_cloudfront_origin_access_identity.frontend",
            "aws_s3_bucket.frontend"
          ]
        }
      ]
    },
    {
      "mode": "managed",
      "type": "aws_s3_bucket_public_access_block",
      "name": "athena_results",
      "provider": "provider[\"registry.terraform.io/hashicorp/aws\"]",
      "instances": [
        {
          "schema_version": 0,
          "attributes": {
            "block_public_acls": true,
            "block_public_policy": true,
            "bucket": "iodp-agent-dev-athena-results",
            "id": "iodp-agent-dev-athena-results",
            "ignore_public_acls": true,
            "region": "ap-southeast-1",
            "restrict_public_buckets": true,
            "skip_destroy": null
          },
          "sensitive_attributes": [],
          "identity_schema_version": 0,
          "identity": {
            "account_id": "165518479671",
            "bucket": "iodp-agent-dev-athena-results",
            "region": "ap-southeast-1"
          },
          "private": "bnVsbA==",
          "dependencies": [
            "aws_s3_bucket.athena_results"
          ]
        }
      ]
    },
    {
      "mode": "managed",
      "type": "aws_s3_bucket_public_access_block",
      "name": "frontend",
      "provider": "provider[\"registry.terraform.io/hashicorp/aws\"]",
      "instances": [
        {
          "schema_version": 0,
          "attributes": {
            "block_public_acls": true,
            "block_public_policy": true,
            "bucket": "iodp-agent-dev-frontend",
            "id": "iodp-agent-dev-frontend",
            "ignore_public_acls": true,
            "region": "ap-southeast-1",
            "restrict_public_buckets": true,
            "skip_destroy": null
          },
          "sensitive_attributes": [],
          "identity_schema_version": 0,
          "identity": {
            "account_id": "165518479671",
            "bucket": "iodp-agent-dev-frontend",
            "region": "ap-southeast-1"
          },
          "private": "bnVsbA==",
          "dependencies": [
            "aws_s3_bucket.frontend"
          ]
        }
      ]
    },
    {
      "mode": "managed",
      "type": "aws_s3vectors_index",
      "name": "incident_solutions",
      "provider": "provider[\"registry.terraform.io/hashicorp/aws\"]",
      "instances": [
        {
          "schema_version": 0,
          "attributes": {
            "creation_time": "2026-05-17T04:50:35Z",
            "data_type": "float32",
            "dimension": 1024,
            "distance_metric": "cosine",
            "encryption_configuration": [
              {
                "kms_key_arn": null,
                "sse_type": "AES256"
              }
            ],
            "index_arn": "arn:aws:s3vectors:ap-southeast-1:165518479671:bucket/iodp-rag-dev/index/incident-solutions",
            "index_name": "incident-solutions",
            "metadata_configuration": [
              {
                "non_filterable_metadata_keys": [
                  "affected_service",
                  "content",
                  "incident_id",
                  "resolution",
                  "resolved_at",
                  "severity",
                  "title"
                ]
              }
            ],
            "region": "ap-southeast-1",
            "tags": {
              "Environment": "dev",
              "Project": "iodp-agent"
            },
            "tags_all": {
              "Environment": "dev",
              "ManagedBy": "terraform",
              "Project": "iodp-agent"
            },
            "vector_bucket_name": "iodp-rag-dev"
          },
          "sensitive_attributes": [],
          "identity_schema_version": 0,
          "identity": {
            "index_arn": "arn:aws:s3vectors:ap-southeast-1:165518479671:bucket/iodp-rag-dev/index/incident-solutions"
          },
          "dependencies": [
            "aws_s3vectors_vector_bucket.rag"
          ]
        }
      ]
    },
    {
      "mode": "managed",
      "type": "aws_s3vectors_index",
      "name": "product_docs",
      "provider": "provider[\"registry.terraform.io/hashicorp/aws\"]",
      "instances": [
        {
          "schema_version": 0,
          "attributes": {
            "creation_time": "2026-05-17T04:50:35Z",
            "data_type": "float32",
            "dimension": 1024,
            "distance_metric": "cosine",
            "encryption_configuration": [
              {
                "kms_key_arn": null,
                "sse_type": "AES256"
              }
            ],
            "index_arn": "arn:aws:s3vectors:ap-southeast-1:165518479671:bucket/iodp-rag-dev/index/product-docs",
            "index_name": "product-docs",
            "metadata_configuration": [
              {
                "non_filterable_metadata_keys": [
                  "content",
                  "created_at",
                  "title"
                ]
              }
            ],
            "region": "ap-southeast-1",
            "tags": {
              "Environment": "dev",
              "Project": "iodp-agent"
            },
            "tags_all": {
              "Environment": "dev",
              "ManagedBy": "terraform",
              "Project": "iodp-agent"
            },
            "vector_bucket_name": "iodp-rag-dev"
          },
          "sensitive_attributes": [],
          "identity_schema_version": 0,
          "identity": {
            "index_arn": "arn:aws:s3vectors:ap-southeast-1:165518479671:bucket/iodp-rag-dev/index/product-docs"
          },
          "dependencies": [
            "aws_s3vectors_vector_bucket.rag"
          ]
        }
      ]
    },
    {
      "mode": "managed",
      "type": "aws_s3vectors_vector_bucket",
      "name": "rag",
      "provider": "provider[\"registry.terraform.io/hashicorp/aws\"]",
      "instances": [
        {
          "schema_version": 0,
          "attributes": {
            "creation_time": "2026-05-17T01:22:40Z",
            "encryption_configuration": [
              {
                "kms_key_arn": null,
                "sse_type": "AES256"
              }
            ],
            "force_destroy": true,
            "region": "ap-southeast-1",
            "tags": {
              "Environment": "dev",
              "Project": "iodp-agent"
            },
            "tags_all": {
              "Environment": "dev",
              "ManagedBy": "terraform",
              "Project": "iodp-agent"
            },
            "vector_bucket_arn": "arn:aws:s3vectors:ap-southeast-1:165518479671:bucket/iodp-rag-dev",
            "vector_bucket_name": "iodp-rag-dev"
          },
          "sensitive_attributes": [],
          "identity_schema_version": 0,
          "identity": {
            "vector_bucket_arn": "arn:aws:s3vectors:ap-southeast-1:165518479671:bucket/iodp-rag-dev"
          }
        }
      ]
    },
    {
      "module": "module.dynamodb",
      "mode": "managed",
      "type": "aws_dynamodb_table",
      "name": "agent_jobs",
      "provider": "provider[\"registry.terraform.io/hashicorp/aws\"]",
      "instances": [
        {
          "schema_version": 1,
          "attributes": {
            "arn": "arn:aws:dynamodb:ap-southeast-1:165518479671:table/iodp-agent-jobs-dev",
            "attribute": [
              {
                "name": "job_id",
                "type": "S"
              },
              {
                "name": "thread_id",
                "type": "S"
              }
            ],
            "billing_mode": "PAY_PER_REQUEST",
            "deletion_protection_enabled": false,
            "global_secondary_index": [
              {
                "hash_key": "thread_id",
                "key_schema": [
                  {
                    "attribute_name": "thread_id",
                    "key_type": "HASH"
                  }
                ],
                "name": "thread-id-index",
                "non_key_attributes": [],
                "on_demand_throughput": [],
                "projection_type": "ALL",
                "range_key": "",
                "read_capacity": 0,
                "warm_throughput": [],
                "write_capacity": 0
              }
            ],
            "global_table_witness": [],
            "hash_key": "job_id",
            "id": "iodp-agent-jobs-dev",
            "import_table": [],
            "local_secondary_index": [],
            "name": "iodp-agent-jobs-dev",
            "on_demand_throughput": [],
            "point_in_time_recovery": [
              {
                "enabled": true,
                "recovery_period_in_days": 35
              }
            ],
            "range_key": null,
            "read_capacity": 0,
            "region": "ap-southeast-1",
            "replica": [],
            "restore_backup_arn": null,
            "restore_date_time": null,
            "restore_source_name": null,
            "restore_source_table_arn": null,
            "restore_to_latest_time": null,
            "server_side_encryption": [
              {
                "enabled": true,
                "kms_key_arn": ""
              }
            ],
            "stream_arn": "",
            "stream_enabled": false,
            "stream_label": "",
            "stream_view_type": "",
            "table_class": "STANDARD",
            "tags": {
              "Environment": "dev",
              "Project": "iodp-agent",
              "Purpose": "Async diagnosis job tracking - POST /diagnose then GET /diagnose/job_id"
            },
            "tags_all": {
              "Environment": "dev",
              "ManagedBy": "terraform",
              "Project": "iodp-agent",
              "Purpose": "Async diagnosis job tracking - POST /diagnose then GET /diagnose/job_id"
            },
            "timeouts": null,
            "ttl": [
              {
                "attribute_name": "TTL",
                "enabled": true
              }
            ],
            "warm_throughput": [],
            "write_capacity": 0
          },
          "sensitive_attributes": [],
          "identity_schema_version": 0,
          "identity": {
            "account_id": "165518479671",
            "name": "iodp-agent-jobs-dev",
            "region": "ap-southeast-1"
          },
          "private": "eyJlMmJmYjczMC1lY2FhLTExZTYtOGY4OC0zNDM2M2JjN2M0YzAiOnsiY3JlYXRlIjoxODAwMDAwMDAwMDAwLCJkZWxldGUiOjYwMDAwMDAwMDAwMCwidXBkYXRlIjozNjAwMDAwMDAwMDAwfSwic2NoZW1hX3ZlcnNpb24iOiIxIn0="
        }
      ]
    },
    {
      "module": "module.dynamodb",
      "mode": "managed",
      "type": "aws_dynamodb_table",
      "name": "agent_state",
      "provider": "provider[\"registry.terraform.io/hashicorp/aws\"]",
      "instances": [
        {
          "schema_version": 1,
          "attributes": {
            "arn": "arn:aws:dynamodb:ap-southeast-1:165518479671:table/iodp-agent-state-dev",
            "attribute": [
              {
                "name": "checkpoint_ns",
                "type": "S"
              },
              {
                "name": "thread_id",
                "type": "S"
              }
            ],
            "billing_mode": "PAY_PER_REQUEST",
            "deletion_protection_enabled": false,
            "global_secondary_index": [],
            "global_table_witness": [],
            "hash_key": "thread_id",
            "id": "iodp-agent-state-dev",
            "import_table": [],
            "local_secondary_index": [],
            "name": "iodp-agent-state-dev",
            "on_demand_throughput": [],
            "point_in_time_recovery": [
              {
                "enabled": true,
                "recovery_period_in_days": 35
              }
            ],
            "range_key": "checkpoint_ns",
            "read_capacity": 0,
            "region": "ap-southeast-1",
            "replica": [],
            "restore_backup_arn": null,
            "restore_date_time": null,
            "restore_source_name": null,
            "restore_source_table_arn": null,
            "restore_to_latest_time": null,
            "server_side_encryption": [
              {
                "enabled": true,
                "kms_key_arn": ""
              }
            ],
            "stream_arn": "",
            "stream_enabled": false,
            "stream_label": "",
            "stream_view_type": "",
            "table_class": "STANDARD",
            "tags": {
              "Environment": "dev",
              "Project": "iodp-agent"
            },
            "tags_all": {
              "Environment": "dev",
              "ManagedBy": "terraform",
              "Project": "iodp-agent"
            },
            "timeouts": null,
            "ttl": [
              {
                "attribute_name": "TTL",
                "enabled": true
              }
            ],
            "warm_throughput": [],
            "write_capacity": 0
          },
          "sensitive_attributes": [],
          "identity_schema_version": 0,
          "identity": {
            "account_id": "165518479671",
            "name": "iodp-agent-state-dev",
            "region": "ap-southeast-1"
          },
          "private": "eyJlMmJmYjczMC1lY2FhLTExZTYtOGY4OC0zNDM2M2JjN2M0YzAiOnsiY3JlYXRlIjoxODAwMDAwMDAwMDAwLCJkZWxldGUiOjYwMDAwMDAwMDAwMCwidXBkYXRlIjozNjAwMDAwMDAwMDAwfSwic2NoZW1hX3ZlcnNpb24iOiIxIn0="
        }
      ]
    },
    {
      "module": "module.dynamodb",
      "mode": "managed",
      "type": "aws_dynamodb_table",
      "name": "tickets",
      "provider": "provider[\"registry.terraform.io/hashicorp/aws\"]",
      "instances": [
        {
          "schema_version": 1,
          "attributes": {
            "arn": "arn:aws:dynamodb:ap-southeast-1:165518479671:table/iodp-bug-tickets-dev",
            "attribute": [
              {
                "name": "affected_service",
                "type": "S"
              },
              {
                "name": "generated_at",
                "type": "S"
              },
              {
                "name": "report_id",
                "type": "S"
              },
              {
                "name": "severity",
                "type": "S"
              }
            ],
            "billing_mode": "PAY_PER_REQUEST",
            "deletion_protection_enabled": false,
            "global_secondary_index": [
              {
                "hash_key": "severity",
                "key_schema": [
                  {
                    "attribute_name": "severity",
                    "key_type": "HASH"
                  },
                  {
                    "attribute_name": "affected_service",
                    "key_type": "RANGE"
                  }
                ],
                "name": "severity-service-index",
                "non_key_attributes": [],
                "on_demand_throughput": [],
                "projection_type": "ALL",
                "range_key": "affected_service",
                "read_capacity": 0,
                "warm_throughput": [],
                "write_capacity": 0
              }
            ],
            "global_table_witness": [],
            "hash_key": "report_id",
            "id": "iodp-bug-tickets-dev",
            "import_table": [],
            "local_secondary_index": [],
            "name": "iodp-bug-tickets-dev",
            "on_demand_throughput": [],
            "point_in_time_recovery": [
              {
                "enabled": true,
                "recovery_period_in_days": 35
              }
            ],
            "range_key": "generated_at",
            "read_capacity": 0,
            "region": "ap-southeast-1",
            "replica": [],
            "restore_backup_arn": null,
            "restore_date_time": null,
            "restore_source_name": null,
            "restore_source_table_arn": null,
            "restore_to_latest_time": null,
            "server_side_encryption": [
              {
                "enabled": true,
                "kms_key_arn": ""
              }
            ],
            "stream_arn": "",
            "stream_enabled": false,
            "stream_label": "",
            "stream_view_type": "",
            "table_class": "STANDARD",
            "tags": {
              "Environment": "dev",
              "Project": "iodp-agent"
            },
            "tags_all": {
              "Environment": "dev",
              "ManagedBy": "terraform",
              "Project": "iodp-agent"
            },
            "timeouts": null,
            "ttl": [
              {
                "attribute_name": "TTL",
                "enabled": true
              }
            ],
            "warm_throughput": [],
            "write_capacity": 0
          },
          "sensitive_attributes": [],
          "identity_schema_version": 0,
          "identity": {
            "account_id": "165518479671",
            "name": "iodp-bug-tickets-dev",
            "region": "ap-southeast-1"
          },
          "private": "eyJlMmJmYjczMC1lY2FhLTExZTYtOGY4OC0zNDM2M2JjN2M0YzAiOnsiY3JlYXRlIjoxODAwMDAwMDAwMDAwLCJkZWxldGUiOjYwMDAwMDAwMDAwMCwidXBkYXRlIjozNjAwMDAwMDAwMDAwfSwic2NoZW1hX3ZlcnNpb24iOiIxIn0="
        }
      ]
    }
  ],
  "check_results": null
}
